
Microsoft Visual Studio Solution File, Format Version 12.00
# Visual Studio Version 17
VisualStudioVersion = 17.7.34221.43
MinimumVisualStudioVersion = 10.0.40219.1
Project("{9A19103F-16F7-4668-BE54-9A1E7A4F7556}") = "RealEstateManager", "RealEstateManager.csproj", "{4D3FF455-3A14-40DB-8A92-75241C357140}"
EndProject
Project("{FAE04EC0-301F-11D3-BF4B-00C04F79EFBC}") = "RealEstateManager.Infrastructure", "..\RealEstateManager.Infrastructure\RealEstateManager.Infrastructure.csproj", "{C9DEE6C4-6A76-4BB3-871D-1E8D903E027A}"
EndProject
Project("{FAE04EC0-301F-11D3-BF4B-00C04F79EFBC}") = "RealEstateManager.Domain", "..\RealEstateManager.Domain\RealEstateManager.Domain.csproj", "{2784E65C-3746-4AD4-B27C-0B952D9B7F25}"
EndProject
Project("{FAE04EC0-301F-11D3-BF4B-00C04F79EFBC}") = "RealEstateManager.Application", "..\RealEstateManager.Application\RealEstateManager.Application.csproj", "{EA371B11-F89C-4BC2-A771-C86819D2FA7E}"
EndProject
Project("{FAE04EC0-301F-11D3-BF4B-00C04F79EFBC}") = "RealEstateManager.UnitTest", "..\RealEstateManager.UnitTest\RealEstateManager.UnitTest.csproj", "{719C36C8-8F2F-4262-AA47-90DD5917659B}"
EndProject
Global
	GlobalSection(SolutionConfigurationPlatforms) = preSolution
		Debug|Any CPU = Debug|Any CPU
		Release|Any CPU = Release|Any CPU
	EndGlobalSection
	GlobalSection(ProjectConfigurationPlatforms) = postSolution
		{4D3FF455-3A14-40DB-8A92-75241C357140}.Debug|Any CPU.ActiveCfg = Debug|Any CPU
		{4D3FF455-3A14-40DB-8A92-75241C357140}.Debug|Any CPU.Build.0 = Debug|Any CPU
		{4D3FF455-3A14-40DB-8A92-75241C357140}.Release|Any CPU.ActiveCfg = Release|Any CPU
		{4D3FF455-3A14-40DB-8A92-75241C357140}.Release|Any CPU.Build.0 = Release|Any CPU
		{C9DEE6C4-6A76-4BB3-871D-1E8D903E027A}.Debug|Any CPU.ActiveCfg = Debug|Any CPU
		{C9DEE6C4-6A76-4BB3-871D-1E8D903E027A}.Debug|Any CPU.Build.0 = Debug|Any CPU
		{C9DEE6C4-6A76-4BB3-871D-1E8D903E027A}.Release|Any CPU.ActiveCfg = Release|Any CPU
		{C9DEE6C4-6A76-4BB3-871D-1E8D903E027A}.Release|Any CPU.Build.0 = Release|Any CPU
		{2784E65C-3746-4AD4-B27C-0B952D9B7F25}.Debug|Any CPU.ActiveCfg = Debug|Any CPU
		{2784E65C-3746-4AD4-B27C-0B952D9B7F25}.Debug|Any CPU.Build.0 = Debug|Any CPU
		{2784E65C-3746-4AD4-B27C-0B952D9B7F25}.Release|Any CPU.ActiveCfg = Release|Any CPU
		{2784E65C-3746-4AD4-B27C-0B952D9B7F25}.Release|Any CPU.Build.0 = Release|Any CPU
		{EA371B11-F89C-4BC2-A771-C86819D2FA7E}.Debug|Any CPU.ActiveCfg = Debug|Any CPU
		{EA371B11-F89C-4BC2-A771-C86819D2FA7E}.Debug|Any CPU.Build.0 = Debug|Any CPU
		{EA371B11-F89C-4BC2-A771-C86819D2FA7E}.Release|Any CPU.ActiveCfg = Release|Any CPU
		{EA371B11-F89C-4BC2-A771-C86819D2FA7E}.Release|Any CPU.Build.0 = Release|Any CPU
		{719C36C8-8F2F-4262-AA47-90DD5917659B}.Debug|Any CPU.ActiveCfg = Debug|Any CPU
		{719C36C8-8F2F-4262-AA47-90DD5917659B}.Debug|Any CPU.Build.0 = Debug|Any CPU
		{719C36C8-8F2F-4262-AA47-90DD5917659B}.Release|Any CPU.ActiveCfg = Release|Any CPU
		{719C36C8-8F2F-4262-AA47-90DD5917659B}.Release|Any CPU.Build.0 = Release|Any CPU
	EndGlobalSection
	GlobalSection(SolutionProperties) = preSolution
		HideSolutionNode = FALSE
	EndGlobalSection
	GlobalSection(ExtensibilityGlobals) = postSolution
		SolutionGuid = {362CC865-14CF-4D11-8874-ADF9FE844BA7}
	EndGlobalSection
EndGlobal
